
Microsoft Visual Studio Solution File, Format Version 12.00
# Visual Studio Version 17
VisualStudioVersion = 17.9.34622.214
MinimumVisualStudioVersion = 10.0.40219.1
Project("{FAE04EC0-301F-11D3-BF4B-00C04F79EFBC}") = "EShop.Web", "EShop.Web\EShop.Web.csproj", "{B86FE753-2C03-4466-8975-DBA59BEE028F}"
EndProject
Project("{FAE04EC0-301F-11D3-BF4B-00C04F79EFBC}") = "EShop.Repository", "EShop.Repository\EShop.Repository.csproj", "{A573B676-5160-4D05-B855-B2116C2D4C43}"
EndProject
Project("{FAE04EC0-301F-11D3-BF4B-00C04F79EFBC}") = "EShop.Service", "EShop.Service\EShop.Service.csproj", "{9C78E78B-CC75-44C1-B910-BA7A57093E0F}"
EndProject
Project("{FAE04EC0-301F-11D3-BF4B-00C04F79EFBC}") = "EShop.Domain", "EShop.Domain\EShop.Domain.csproj", "{7FED35E5-D31F-4163-9CF8-C6D932D406FF}"
EndProject
Global
	GlobalSection(SolutionConfigurationPlatforms) = preSolution
		Debug|Any CPU = Debug|Any CPU
		Release|Any CPU = Release|Any CPU
	EndGlobalSection
	GlobalSection(ProjectConfigurationPlatforms) = postSolution
		{B86FE753-2C03-4466-8975-DBA59BEE028F}.Debug|Any CPU.ActiveCfg = Debug|Any CPU
		{B86FE753-2C03-4466-8975-DBA59BEE028F}.Debug|Any CPU.Build.0 = Debug|Any CPU
		{B86FE753-2C03-4466-8975-DBA59BEE028F}.Release|Any CPU.ActiveCfg = Release|Any CPU
		{B86FE753-2C03-4466-8975-DBA59BEE028F}.Release|Any CPU.Build.0 = Release|Any CPU
		{A573B676-5160-4D05-B855-B2116C2D4C43}.Debug|Any CPU.ActiveCfg = Debug|Any CPU
		{A573B676-5160-4D05-B855-B2116C2D4C43}.Debug|Any CPU.Build.0 = Debug|Any CPU
		{A573B676-5160-4D05-B855-B2116C2D4C43}.Release|Any CPU.ActiveCfg = Release|Any CPU
		{A573B676-5160-4D05-B855-B2116C2D4C43}.Release|Any CPU.Build.0 = Release|Any CPU
		{9C78E78B-CC75-44C1-B910-BA7A57093E0F}.Debug|Any CPU.ActiveCfg = Debug|Any CPU
		{9C78E78B-CC75-44C1-B910-BA7A57093E0F}.Debug|Any CPU.Build.0 = Debug|Any CPU
		{9C78E78B-CC75-44C1-B910-BA7A57093E0F}.Release|Any CPU.ActiveCfg = Release|Any CPU
		{9C78E78B-CC75-44C1-B910-BA7A57093E0F}.Release|Any CPU.Build.0 = Release|Any CPU
		{7FED35E5-D31F-4163-9CF8-C6D932D406FF}.Debug|Any CPU.ActiveCfg = Debug|Any CPU
		{7FED35E5-D31F-4163-9CF8-C6D932D406FF}.Debug|Any CPU.Build.0 = Debug|Any CPU
		{7FED35E5-D31F-4163-9CF8-C6D932D406FF}.Release|Any CPU.ActiveCfg = Release|Any CPU
		{7FED35E5-D31F-4163-9CF8-C6D932D406FF}.Release|Any CPU.Build.0 = Release|Any CPU
	EndGlobalSection
	GlobalSection(SolutionProperties) = preSolution
		HideSolutionNode = FALSE
	EndGlobalSection
	GlobalSection(ExtensibilityGlobals) = postSolution
		SolutionGuid = {7AC6115B-892C-45B7-9243-82D58B282655}
	EndGlobalSection
EndGlobal
